// !$*UTF8*$!
{
	archiveVersion = 1;
	classes = {
	};
	objectVersion = 51;
	objects = {

/* Begin PBXBuildFile section */
		3A77488E24034D010056A3F6 /* AppDelegate.swift in Sources */ = {isa = PBXBuildFile; fileRef = 3A77488D24034D010056A3F6 /* AppDelegate.swift */; };
		3A77489024034D010056A3F6 /* SceneDelegate.swift in Sources */ = {isa = PBXBuildFile; fileRef = 3A77488F24034D010056A3F6 /* SceneDelegate.swift */; };
		3A77489524034D010056A3F6 /* Main.storyboard in Resources */ = {isa = PBXBuildFile; fileRef = 3A77489324034D010056A3F6 /* Main.storyboard */; };
		3A77489724034D030056A3F6 /* Assets.xcassets in Resources */ = {isa = PBXBuildFile; fileRef = 3A77489624034D030056A3F6 /* Assets.xcassets */; };
		3A77489A24034D030056A3F6 /* LaunchScreen.storyboard in Resources */ = {isa = PBXBuildFile; fileRef = 3A77489824034D030056A3F6 /* LaunchScreen.storyboard */; };
		3A77489F24034D030056A3F6 /* NoRegrets WatchKit App.app in Embed Watch Content */ = {isa = PBXBuildFile; fileRef = 3A77489E24034D030056A3F6 /* NoRegrets WatchKit App.app */; settings = {ATTRIBUTES = (RemoveHeadersOnCopy, ); }; };
		3A7748A524034D030056A3F6 /* Interface.storyboard in Resources */ = {isa = PBXBuildFile; fileRef = 3A7748A324034D030056A3F6 /* Interface.storyboard */; };
		3A7748A724034D040056A3F6 /* Assets.xcassets in Resources */ = {isa = PBXBuildFile; fileRef = 3A7748A624034D040056A3F6 /* Assets.xcassets */; };
		3A7748AE24034D040056A3F6 /* NoRegrets WatchKit Extension.appex in Embed App Extensions */ = {isa = PBXBuildFile; fileRef = 3A7748AD24034D040056A3F6 /* NoRegrets WatchKit Extension.appex */; settings = {ATTRIBUTES = (RemoveHeadersOnCopy, ); }; };
		3A7748B324034D040056A3F6 /* InterfaceController.swift in Sources */ = {isa = PBXBuildFile; fileRef = 3A7748B224034D040056A3F6 /* InterfaceController.swift */; };
		3A7748B524034D040056A3F6 /* ExtensionDelegate.swift in Sources */ = {isa = PBXBuildFile; fileRef = 3A7748B424034D040056A3F6 /* ExtensionDelegate.swift */; };
		3A7748B724034D040056A3F6 /* NotificationController.swift in Sources */ = {isa = PBXBuildFile; fileRef = 3A7748B624034D040056A3F6 /* NotificationController.swift */; };
		3A7748B924034D060056A3F6 /* Assets.xcassets in Resources */ = {isa = PBXBuildFile; fileRef = 3A7748B824034D060056A3F6 /* Assets.xcassets */; };
		3A7748CA240364220056A3F6 /* LoginViewController.swift in Sources */ = {isa = PBXBuildFile; fileRef = 3A7748C9240364220056A3F6 /* LoginViewController.swift */; };
		3A7748CC240364A60056A3F6 /* StartDrinkingViewController.swift in Sources */ = {isa = PBXBuildFile; fileRef = 3A7748CB240364A60056A3F6 /* StartDrinkingViewController.swift */; };
		3AAA929D24036BCE00F1C4A5 /* CalanderViewController.swift in Sources */ = {isa = PBXBuildFile; fileRef = 3AAA929C24036BCE00F1C4A5 /* CalanderViewController.swift */; };
		52FFCFBCACF7A580E1F0E541 /* Pods_NoRegrets_WatchKit_Extension.framework in Frameworks */ = {isa = PBXBuildFile; fileRef = E245596F1116411DCF84F45F /* Pods_NoRegrets_WatchKit_Extension.framework */; };
		642A99FD9D6F014B1733FBE5 /* Pods_NoRegrets_WatchKit_App.framework in Frameworks */ = {isa = PBXBuildFile; fileRef = C33ACBC4776C9D26E8EABA51 /* Pods_NoRegrets_WatchKit_App.framework */; };
		AE5399931941BA8908C3E716 /* Pods_NoRegrets.framework in Frameworks */ = {isa = PBXBuildFile; fileRef = CFFD9E4B6ACD88B6BEEBCA6F /* Pods_NoRegrets.framework */; };
/* End PBXBuildFile section */

/* Begin PBXContainerItemProxy section */
		3A7748A024034D030056A3F6 /* PBXContainerItemProxy */ = {
			isa = PBXContainerItemProxy;
			containerPortal = 3A77488224034D010056A3F6 /* Project object */;
			proxyType = 1;
			remoteGlobalIDString = 3A77489D24034D030056A3F6;
			remoteInfo = "NoRegrets WatchKit App";
		};
		3A7748AF24034D040056A3F6 /* PBXContainerItemProxy */ = {
			isa = PBXContainerItemProxy;
			containerPortal = 3A77488224034D010056A3F6 /* Project object */;
			proxyType = 1;
			remoteGlobalIDString = 3A7748AC24034D040056A3F6;
			remoteInfo = "NoRegrets WatchKit Extension";
		};
/* End PBXContainerItemProxy section */

/* Begin PBXCopyFilesBuildPhase section */
		3A7748C124034D060056A3F6 /* Embed App Extensions */ = {
			isa = PBXCopyFilesBuildPhase;
			buildActionMask = 2147483647;
			dstPath = "";
			dstSubfolderSpec = 13;
			files = (
				3A7748AE24034D040056A3F6 /* NoRegrets WatchKit Extension.appex in Embed App Extensions */,
			);
			name = "Embed App Extensions";
			runOnlyForDeploymentPostprocessing = 0;
		};
		3A7748C524034D060056A3F6 /* Embed Watch Content */ = {
			isa = PBXCopyFilesBuildPhase;
			buildActionMask = 2147483647;
			dstPath = "$(CONTENTS_FOLDER_PATH)/Watch";
			dstSubfolderSpec = 16;
			files = (
				3A77489F24034D030056A3F6 /* NoRegrets WatchKit App.app in Embed Watch Content */,
			);
			name = "Embed Watch Content";
			runOnlyForDeploymentPostprocessing = 0;
		};
/* End PBXCopyFilesBuildPhase section */

/* Begin PBXFileReference section */
		3280B8F42DC7DFCB25C50299 /* Pods-NoRegrets WatchKit App.release.xcconfig */ = {isa = PBXFileReference; includeInIndex = 1; lastKnownFileType = text.xcconfig; name = "Pods-NoRegrets WatchKit App.release.xcconfig"; path = "Target Support Files/Pods-NoRegrets WatchKit App/Pods-NoRegrets WatchKit App.release.xcconfig"; sourceTree = "<group>"; };
		3A77488A24034D010056A3F6 /* NoRegrets.app */ = {isa = PBXFileReference; explicitFileType = wrapper.application; includeInIndex = 0; path = NoRegrets.app; sourceTree = BUILT_PRODUCTS_DIR; };
		3A77488D24034D010056A3F6 /* AppDelegate.swift */ = {isa = PBXFileReference; lastKnownFileType = sourcecode.swift; path = AppDelegate.swift; sourceTree = "<group>"; };
		3A77488F24034D010056A3F6 /* SceneDelegate.swift */ = {isa = PBXFileReference; lastKnownFileType = sourcecode.swift; path = SceneDelegate.swift; sourceTree = "<group>"; };
		3A77489424034D010056A3F6 /* Base */ = {isa = PBXFileReference; lastKnownFileType = file.storyboard; name = Base; path = Base.lproj/Main.storyboard; sourceTree = "<group>"; };
		3A77489624034D030056A3F6 /* Assets.xcassets */ = {isa = PBXFileReference; lastKnownFileType = folder.assetcatalog; path = Assets.xcassets; sourceTree = "<group>"; };
		3A77489924034D030056A3F6 /* Base */ = {isa = PBXFileReference; lastKnownFileType = file.storyboard; name = Base; path = Base.lproj/LaunchScreen.storyboard; sourceTree = "<group>"; };
		3A77489B24034D030056A3F6 /* Info.plist */ = {isa = PBXFileReference; lastKnownFileType = text.plist.xml; path = Info.plist; sourceTree = "<group>"; };
		3A77489E24034D030056A3F6 /* NoRegrets WatchKit App.app */ = {isa = PBXFileReference; explicitFileType = wrapper.application; includeInIndex = 0; path = "NoRegrets WatchKit App.app"; sourceTree = BUILT_PRODUCTS_DIR; };
		3A7748A424034D030056A3F6 /* Base */ = {isa = PBXFileReference; lastKnownFileType = file.storyboard; name = Base; path = Base.lproj/Interface.storyboard; sourceTree = "<group>"; };
		3A7748A624034D040056A3F6 /* Assets.xcassets */ = {isa = PBXFileReference; lastKnownFileType = folder.assetcatalog; path = Assets.xcassets; sourceTree = "<group>"; };
		3A7748A824034D040056A3F6 /* Info.plist */ = {isa = PBXFileReference; lastKnownFileType = text.plist.xml; path = Info.plist; sourceTree = "<group>"; };
		3A7748AD24034D040056A3F6 /* NoRegrets WatchKit Extension.appex */ = {isa = PBXFileReference; explicitFileType = "wrapper.app-extension"; includeInIndex = 0; path = "NoRegrets WatchKit Extension.appex"; sourceTree = BUILT_PRODUCTS_DIR; };
		3A7748B224034D040056A3F6 /* InterfaceController.swift */ = {isa = PBXFileReference; lastKnownFileType = sourcecode.swift; path = InterfaceController.swift; sourceTree = "<group>"; };
		3A7748B424034D040056A3F6 /* ExtensionDelegate.swift */ = {isa = PBXFileReference; lastKnownFileType = sourcecode.swift; path = ExtensionDelegate.swift; sourceTree = "<group>"; };
		3A7748B624034D040056A3F6 /* NotificationController.swift */ = {isa = PBXFileReference; lastKnownFileType = sourcecode.swift; path = NotificationController.swift; sourceTree = "<group>"; };
		3A7748B824034D060056A3F6 /* Assets.xcassets */ = {isa = PBXFileReference; lastKnownFileType = folder.assetcatalog; path = Assets.xcassets; sourceTree = "<group>"; };
		3A7748BA24034D060056A3F6 /* Info.plist */ = {isa = PBXFileReference; lastKnownFileType = text.plist.xml; path = Info.plist; sourceTree = "<group>"; };
		3A7748BB24034D060056A3F6 /* PushNotificationPayload.apns */ = {isa = PBXFileReference; lastKnownFileType = text; path = PushNotificationPayload.apns; sourceTree = "<group>"; };
		3A7748C9240364220056A3F6 /* LoginViewController.swift */ = {isa = PBXFileReference; lastKnownFileType = sourcecode.swift; path = LoginViewController.swift; sourceTree = "<group>"; };
		3A7748CB240364A60056A3F6 /* StartDrinkingViewController.swift */ = {isa = PBXFileReference; lastKnownFileType = sourcecode.swift; path = StartDrinkingViewController.swift; sourceTree = "<group>"; };
		3AAA929C24036BCE00F1C4A5 /* CalanderViewController.swift */ = {isa = PBXFileReference; lastKnownFileType = sourcecode.swift; path = CalanderViewController.swift; sourceTree = "<group>"; };
		7CC710EBDC64E876D1766431 /* Pods-NoRegrets.release.xcconfig */ = {isa = PBXFileReference; includeInIndex = 1; lastKnownFileType = text.xcconfig; name = "Pods-NoRegrets.release.xcconfig"; path = "Target Support Files/Pods-NoRegrets/Pods-NoRegrets.release.xcconfig"; sourceTree = "<group>"; };
		94FC529A1668C3F6C12DCC32 /* Pods-NoRegrets WatchKit App.debug.xcconfig */ = {isa = PBXFileReference; includeInIndex = 1; lastKnownFileType = text.xcconfig; name = "Pods-NoRegrets WatchKit App.debug.xcconfig"; path = "Target Support Files/Pods-NoRegrets WatchKit App/Pods-NoRegrets WatchKit App.debug.xcconfig"; sourceTree = "<group>"; };
		A6271500D19756026A33C3E2 /* Pods-NoRegrets WatchKit Extension.debug.xcconfig */ = {isa = PBXFileReference; includeInIndex = 1; lastKnownFileType = text.xcconfig; name = "Pods-NoRegrets WatchKit Extension.debug.xcconfig"; path = "Target Support Files/Pods-NoRegrets WatchKit Extension/Pods-NoRegrets WatchKit Extension.debug.xcconfig"; sourceTree = "<group>"; };
		C33ACBC4776C9D26E8EABA51 /* Pods_NoRegrets_WatchKit_App.framework */ = {isa = PBXFileReference; explicitFileType = wrapper.framework; includeInIndex = 0; path = Pods_NoRegrets_WatchKit_App.framework; sourceTree = BUILT_PRODUCTS_DIR; };
		CFFD9E4B6ACD88B6BEEBCA6F /* Pods_NoRegrets.framework */ = {isa = PBXFileReference; explicitFileType = wrapper.framework; includeInIndex = 0; path = Pods_NoRegrets.framework; sourceTree = BUILT_PRODUCTS_DIR; };
		E245596F1116411DCF84F45F /* Pods_NoRegrets_WatchKit_Extension.framework */ = {isa = PBXFileReference; explicitFileType = wrapper.framework; includeInIndex = 0; path = Pods_NoRegrets_WatchKit_Extension.framework; sourceTree = BUILT_PRODUCTS_DIR; };
		E2B66775F48C800B54877BD5 /* Pods-NoRegrets WatchKit Extension.release.xcconfig */ = {isa = PBXFileReference; includeInIndex = 1; lastKnownFileType = text.xcconfig; name = "Pods-NoRegrets WatchKit Extension.release.xcconfig"; path = "Target Support Files/Pods-NoRegrets WatchKit Extension/Pods-NoRegrets WatchKit Extension.release.xcconfig"; sourceTree = "<group>"; };
		E3F2378FF5F541C67C40D29B /* Pods-NoRegrets.debug.xcconfig */ = {isa = PBXFileReference; includeInIndex = 1; lastKnownFileType = text.xcconfig; name = "Pods-NoRegrets.debug.xcconfig"; path = "Target Support Files/Pods-NoRegrets/Pods-NoRegrets.debug.xcconfig"; sourceTree = "<group>"; };
/* End PBXFileReference section */

/* Begin PBXFrameworksBuildPhase section */
		3A77488724034D010056A3F6 /* Frameworks */ = {
			isa = PBXFrameworksBuildPhase;
			buildActionMask = 2147483647;
			files = (
				AE5399931941BA8908C3E716 /* Pods_NoRegrets.framework in Frameworks */,
			);
			runOnlyForDeploymentPostprocessing = 0;
		};
		3A7748AA24034D040056A3F6 /* Frameworks */ = {
			isa = PBXFrameworksBuildPhase;
			buildActionMask = 2147483647;
			files = (
				52FFCFBCACF7A580E1F0E541 /* Pods_NoRegrets_WatchKit_Extension.framework in Frameworks */,
			);
			runOnlyForDeploymentPostprocessing = 0;
		};
		E77CC760E27D1D7A5FBDB193 /* Frameworks */ = {
			isa = PBXFrameworksBuildPhase;
			buildActionMask = 2147483647;
			files = (
				642A99FD9D6F014B1733FBE5 /* Pods_NoRegrets_WatchKit_App.framework in Frameworks */,
			);
			runOnlyForDeploymentPostprocessing = 0;
		};
/* End PBXFrameworksBuildPhase section */

/* Begin PBXGroup section */
		16AB44E760C0AAAC9F64F126 /* Frameworks */ = {
			isa = PBXGroup;
			children = (
				CFFD9E4B6ACD88B6BEEBCA6F /* Pods_NoRegrets.framework */,
				C33ACBC4776C9D26E8EABA51 /* Pods_NoRegrets_WatchKit_App.framework */,
				E245596F1116411DCF84F45F /* Pods_NoRegrets_WatchKit_Extension.framework */,
			);
			name = Frameworks;
			sourceTree = "<group>";
		};
		3A77488124034D010056A3F6 = {
			isa = PBXGroup;
			children = (
				3A77488C24034D010056A3F6 /* NoRegrets */,
				3A7748A224034D030056A3F6 /* NoRegrets WatchKit App */,
				3A7748B124034D040056A3F6 /* NoRegrets WatchKit Extension */,
				3A77488B24034D010056A3F6 /* Products */,
				AF0988C924A87E84BE0D8E41 /* Pods */,
				16AB44E760C0AAAC9F64F126 /* Frameworks */,
			);
			sourceTree = "<group>";
		};
		3A77488B24034D010056A3F6 /* Products */ = {
			isa = PBXGroup;
			children = (
				3A77488A24034D010056A3F6 /* NoRegrets.app */,
				3A77489E24034D030056A3F6 /* NoRegrets WatchKit App.app */,
				3A7748AD24034D040056A3F6 /* NoRegrets WatchKit Extension.appex */,
			);
			name = Products;
			sourceTree = "<group>";
		};
		3A77488C24034D010056A3F6 /* NoRegrets */ = {
			isa = PBXGroup;
			children = (
				3A77488D24034D010056A3F6 /* AppDelegate.swift */,
				3A77488F24034D010056A3F6 /* SceneDelegate.swift */,
				3A77489324034D010056A3F6 /* Main.storyboard */,
				3A77489624034D030056A3F6 /* Assets.xcassets */,
				3A77489824034D030056A3F6 /* LaunchScreen.storyboard */,
				3A77489B24034D030056A3F6 /* Info.plist */,
				3A7748C9240364220056A3F6 /* LoginViewController.swift */,
				3A7748CB240364A60056A3F6 /* StartDrinkingViewController.swift */,
				3AAA929C24036BCE00F1C4A5 /* CalanderViewController.swift */,
			);
			path = NoRegrets;
			sourceTree = "<group>";
		};
		3A7748A224034D030056A3F6 /* NoRegrets WatchKit App */ = {
			isa = PBXGroup;
			children = (
				3A7748A324034D030056A3F6 /* Interface.storyboard */,
				3A7748A624034D040056A3F6 /* Assets.xcassets */,
				3A7748A824034D040056A3F6 /* Info.plist */,
			);
			path = "NoRegrets WatchKit App";
			sourceTree = "<group>";
		};
		3A7748B124034D040056A3F6 /* NoRegrets WatchKit Extension */ = {
			isa = PBXGroup;
			children = (
				3A7748B224034D040056A3F6 /* InterfaceController.swift */,
				3A7748B424034D040056A3F6 /* ExtensionDelegate.swift */,
				3A7748B624034D040056A3F6 /* NotificationController.swift */,
				3A7748B824034D060056A3F6 /* Assets.xcassets */,
				3A7748BA24034D060056A3F6 /* Info.plist */,
				3A7748BB24034D060056A3F6 /* PushNotificationPayload.apns */,
			);
			path = "NoRegrets WatchKit Extension";
			sourceTree = "<group>";
		};
		AF0988C924A87E84BE0D8E41 /* Pods */ = {
			isa = PBXGroup;
			children = (
				E3F2378FF5F541C67C40D29B /* Pods-NoRegrets.debug.xcconfig */,
				7CC710EBDC64E876D1766431 /* Pods-NoRegrets.release.xcconfig */,
				94FC529A1668C3F6C12DCC32 /* Pods-NoRegrets WatchKit App.debug.xcconfig */,
				3280B8F42DC7DFCB25C50299 /* Pods-NoRegrets WatchKit App.release.xcconfig */,
				A6271500D19756026A33C3E2 /* Pods-NoRegrets WatchKit Extension.debug.xcconfig */,
				E2B66775F48C800B54877BD5 /* Pods-NoRegrets WatchKit Extension.release.xcconfig */,
			);
			path = Pods;
			sourceTree = "<group>";
		};
/* End PBXGroup section */

/* Begin PBXNativeTarget section */
		3A77488924034D010056A3F6 /* NoRegrets */ = {
			isa = PBXNativeTarget;
			buildConfigurationList = 3A7748C624034D060056A3F6 /* Build configuration list for PBXNativeTarget "NoRegrets" */;
			buildPhases = (
				8B1F7612362E3539F3B57179 /* [CP] Check Pods Manifest.lock */,
				3A77488624034D010056A3F6 /* Sources */,
				3A77488724034D010056A3F6 /* Frameworks */,
				3A77488824034D010056A3F6 /* Resources */,
				3A7748C524034D060056A3F6 /* Embed Watch Content */,
				20EB97FC78A13C72BCBF1CEE /* [CP] Embed Pods Frameworks */,
			);
			buildRules = (
			);
			dependencies = (
				3A7748A124034D030056A3F6 /* PBXTargetDependency */,
			);
			name = NoRegrets;
			productName = NoRegrets;
			productReference = 3A77488A24034D010056A3F6 /* NoRegrets.app */;
			productType = "com.apple.product-type.application";
		};
		3A77489D24034D030056A3F6 /* NoRegrets WatchKit App */ = {
			isa = PBXNativeTarget;
			buildConfigurationList = 3A7748C224034D060056A3F6 /* Build configuration list for PBXNativeTarget "NoRegrets WatchKit App" */;
			buildPhases = (
				E56853B9E390C0BFBBCDD8C3 /* [CP] Check Pods Manifest.lock */,
				3A77489C24034D030056A3F6 /* Resources */,
				3A7748C124034D060056A3F6 /* Embed App Extensions */,
				E77CC760E27D1D7A5FBDB193 /* Frameworks */,
			);
			buildRules = (
			);
			dependencies = (
				3A7748B024034D040056A3F6 /* PBXTargetDependency */,
			);
			name = "NoRegrets WatchKit App";
			productName = "NoRegrets WatchKit App";
			productReference = 3A77489E24034D030056A3F6 /* NoRegrets WatchKit App.app */;
			productType = "com.apple.product-type.application.watchapp2";
		};
		3A7748AC24034D040056A3F6 /* NoRegrets WatchKit Extension */ = {
			isa = PBXNativeTarget;
			buildConfigurationList = 3A7748BE24034D060056A3F6 /* Build configuration list for PBXNativeTarget "NoRegrets WatchKit Extension" */;
			buildPhases = (
				987C20DA3619DC7C33226C0D /* [CP] Check Pods Manifest.lock */,
				3A7748A924034D040056A3F6 /* Sources */,
				3A7748AA24034D040056A3F6 /* Frameworks */,
				3A7748AB24034D040056A3F6 /* Resources */,
			);
			buildRules = (
			);
			dependencies = (
			);
			name = "NoRegrets WatchKit Extension";
			productName = "NoRegrets WatchKit Extension";
			productReference = 3A7748AD24034D040056A3F6 /* NoRegrets WatchKit Extension.appex */;
			productType = "com.apple.product-type.watchkit2-extension";
		};
/* End PBXNativeTarget section */

/* Begin PBXProject section */
		3A77488224034D010056A3F6 /* Project object */ = {
			isa = PBXProject;
			attributes = {
				LastSwiftUpdateCheck = 1130;
				LastUpgradeCheck = 1130;
				ORGANIZATIONNAME = "Jose Patino";
				TargetAttributes = {
					3A77488924034D010056A3F6 = {
						CreatedOnToolsVersion = 11.3.1;
					};
					3A77489D24034D030056A3F6 = {
						CreatedOnToolsVersion = 11.3.1;
					};
					3A7748AC24034D040056A3F6 = {
						CreatedOnToolsVersion = 11.3.1;
					};
				};
			};
			buildConfigurationList = 3A77488524034D010056A3F6 /* Build configuration list for PBXProject "NoRegrets" */;
			compatibilityVersion = "Xcode 9.3";
			developmentRegion = en;
			hasScannedForEncodings = 0;
			knownRegions = (
				en,
				Base,
			);
			mainGroup = 3A77488124034D010056A3F6;
			productRefGroup = 3A77488B24034D010056A3F6 /* Products */;
			projectDirPath = "";
			projectRoot = "";
			targets = (
				3A77488924034D010056A3F6 /* NoRegrets */,
				3A77489D24034D030056A3F6 /* NoRegrets WatchKit App */,
				3A7748AC24034D040056A3F6 /* NoRegrets WatchKit Extension */,
			);
		};
/* End PBXProject section */

/* Begin PBXResourcesBuildPhase section */
		3A77488824034D010056A3F6 /* Resources */ = {
			isa = PBXResourcesBuildPhase;
			buildActionMask = 2147483647;
			files = (
				3A77489A24034D030056A3F6 /* LaunchScreen.storyboard in Resources */,
				3A77489724034D030056A3F6 /* Assets.xcassets in Resources */,
				3A77489524034D010056A3F6 /* Main.storyboard in Resources */,
			);
			runOnlyForDeploymentPostprocessing = 0;
		};
		3A77489C24034D030056A3F6 /* Resources */ = {
			isa = PBXResourcesBuildPhase;
			buildActionMask = 2147483647;
			files = (
				3A7748A724034D040056A3F6 /* Assets.xcassets in Resources */,
				3A7748A524034D030056A3F6 /* Interface.storyboard in Resources */,
			);
			runOnlyForDeploymentPostprocessing = 0;
		};
		3A7748AB24034D040056A3F6 /* Resources */ = {
			isa = PBXResourcesBuildPhase;
			buildActionMask = 2147483647;
			files = (
				3A7748B924034D060056A3F6 /* Assets.xcassets in Resources */,
			);
			runOnlyForDeploymentPostprocessing = 0;
		};
/* End PBXResourcesBuildPhase section */

/* Begin PBXShellScriptBuildPhase section */
		20EB97FC78A13C72BCBF1CEE /* [CP] Embed Pods Frameworks */ = {
			isa = PBXShellScriptBuildPhase;
			buildActionMask = 2147483647;
			files = (
			);
			inputFileListPaths = (
				"${PODS_ROOT}/Target Support Files/Pods-NoRegrets/Pods-NoRegrets-frameworks-${CONFIGURATION}-input-files.xcfilelist",
			);
			name = "[CP] Embed Pods Frameworks";
			outputFileListPaths = (
				"${PODS_ROOT}/Target Support Files/Pods-NoRegrets/Pods-NoRegrets-frameworks-${CONFIGURATION}-output-files.xcfilelist",
			);
			runOnlyForDeploymentPostprocessing = 0;
			shellPath = /bin/sh;
			shellScript = "\"${PODS_ROOT}/Target Support Files/Pods-NoRegrets/Pods-NoRegrets-frameworks.sh\"\n";
			showEnvVarsInLog = 0;
		};
		8B1F7612362E3539F3B57179 /* [CP] Check Pods Manifest.lock */ = {
			isa = PBXShellScriptBuildPhase;
			buildActionMask = 2147483647;
			files = (
			);
			inputFileListPaths = (
			);
			inputPaths = (
				"${PODS_PODFILE_DIR_PATH}/Podfile.lock",
				"${PODS_ROOT}/Manifest.lock",
			);
			name = "[CP] Check Pods Manifest.lock";
			outputFileListPaths = (
			);
			outputPaths = (
				"$(DERIVED_FILE_DIR)/Pods-NoRegrets-checkManifestLockResult.txt",
			);
			runOnlyForDeploymentPostprocessing = 0;
			shellPath = /bin/sh;
			shellScript = "diff \"${PODS_PODFILE_DIR_PATH}/Podfile.lock\" \"${PODS_ROOT}/Manifest.lock\" > /dev/null\nif [ $? != 0 ] ; then\n    # print error to STDERR\n    echo \"error: The sandbox is not in sync with the Podfile.lock. Run 'pod install' or update your CocoaPods installation.\" >&2\n    exit 1\nfi\n# This output is used by Xcode 'outputs' to avoid re-running this script phase.\necho \"SUCCESS\" > \"${SCRIPT_OUTPUT_FILE_0}\"\n";
			showEnvVarsInLog = 0;
		};
		987C20DA3619DC7C33226C0D /* [CP] Check Pods Manifest.lock */ = {
			isa = PBXShellScriptBuildPhase;
			buildActionMask = 2147483647;
			files = (
			);
			inputFileListPaths = (
			);
			inputPaths = (
				"${PODS_PODFILE_DIR_PATH}/Podfile.lock",
				"${PODS_ROOT}/Manifest.lock",
			);
			name = "[CP] Check Pods Manifest.lock";
			outputFileListPaths = (
			);
			outputPaths = (
				"$(DERIVED_FILE_DIR)/Pods-NoRegrets WatchKit Extension-checkManifestLockResult.txt",
			);
			runOnlyForDeploymentPostprocessing = 0;
			shellPath = /bin/sh;
			shellScript = "diff \"${PODS_PODFILE_DIR_PATH}/Podfile.lock\" \"${PODS_ROOT}/Manifest.lock\" > /dev/null\nif [ $? != 0 ] ; then\n    # print error to STDERR\n    echo \"error: The sandbox is not in sync with the Podfile.lock. Run 'pod install' or update your CocoaPods installation.\" >&2\n    exit 1\nfi\n# This output is used by Xcode 'outputs' to avoid re-running this script phase.\necho \"SUCCESS\" > \"${SCRIPT_OUTPUT_FILE_0}\"\n";
			showEnvVarsInLog = 0;
		};
		E56853B9E390C0BFBBCDD8C3 /* [CP] Check Pods Manifest.lock */ = {
			isa = PBXShellScriptBuildPhase;
			buildActionMask = 2147483647;
			files = (
			);
			inputFileListPaths = (
			);
			inputPaths = (
				"${PODS_PODFILE_DIR_PATH}/Podfile.lock",
				"${PODS_ROOT}/Manifest.lock",
			);
			name = "[CP] Check Pods Manifest.lock";
			outputFileListPaths = (
			);
			outputPaths = (
				"$(DERIVED_FILE_DIR)/Pods-NoRegrets WatchKit App-checkManifestLockResult.txt",
			);
			runOnlyForDeploymentPostprocessing = 0;
			shellPath = /bin/sh;
			shellScript = "diff \"${PODS_PODFILE_DIR_PATH}/Podfile.lock\" \"${PODS_ROOT}/Manifest.lock\" > /dev/null\nif [ $? != 0 ] ; then\n    # print error to STDERR\n    echo \"error: The sandbox is not in sync with the Podfile.lock. Run 'pod install' or update your CocoaPods installation.\" >&2\n    exit 1\nfi\n# This output is used by Xcode 'outputs' to avoid re-running this script phase.\necho \"SUCCESS\" > \"${SCRIPT_OUTPUT_FILE_0}\"\n";
			showEnvVarsInLog = 0;
		};
/* End PBXShellScriptBuildPhase section */

/* Begin PBXSourcesBuildPhase section */
		3A77488624034D010056A3F6 /* Sources */ = {
			isa = PBXSourcesBuildPhase;
			buildActionMask = 2147483647;
			files = (
				3AAA929D24036BCE00F1C4A5 /* CalanderViewController.swift in Sources */,
				3A7748CA240364220056A3F6 /* LoginViewController.swift in Sources */,
				3A7748CC240364A60056A3F6 /* StartDrinkingViewController.swift in Sources */,
				3A77488E24034D010056A3F6 /* AppDelegate.swift in Sources */,
				3A77489024034D010056A3F6 /* SceneDelegate.swift in Sources */,
			);
			runOnlyForDeploymentPostprocessing = 0;
		};
		3A7748A924034D040056A3F6 /* Sources */ = {
			isa = PBXSourcesBuildPhase;
			buildActionMask = 2147483647;
			files = (
				3A7748B724034D040056A3F6 /* NotificationController.swift in Sources */,
				3A7748B524034D040056A3F6 /* ExtensionDelegate.swift in Sources */,
				3A7748B324034D040056A3F6 /* InterfaceController.swift in Sources */,
			);
			runOnlyForDeploymentPostprocessing = 0;
		};
/* End PBXSourcesBuildPhase section */

/* Begin PBXTargetDependency section */
		3A7748A124034D030056A3F6 /* PBXTargetDependency */ = {
			isa = PBXTargetDependency;
			target = 3A77489D24034D030056A3F6 /* NoRegrets WatchKit App */;
			targetProxy = 3A7748A024034D030056A3F6 /* PBXContainerItemProxy */;
		};
		3A7748B024034D040056A3F6 /* PBXTargetDependency */ = {
			isa = PBXTargetDependency;
			target = 3A7748AC24034D040056A3F6 /* NoRegrets WatchKit Extension */;
			targetProxy = 3A7748AF24034D040056A3F6 /* PBXContainerItemProxy */;
		};
/* End PBXTargetDependency section */

/* Begin PBXVariantGroup section */
		3A77489324034D010056A3F6 /* Main.storyboard */ = {
			isa = PBXVariantGroup;
			children = (
				3A77489424034D010056A3F6 /* Base */,
			);
			name = Main.storyboard;
			sourceTree = "<group>";
		};
		3A77489824034D030056A3F6 /* LaunchScreen.storyboard */ = {
			isa = PBXVariantGroup;
			children = (
				3A77489924034D030056A3F6 /* Base */,
			);
			name = LaunchScreen.storyboard;
			sourceTree = "<group>";
		};
		3A7748A324034D030056A3F6 /* Interface.storyboard */ = {
			isa = PBXVariantGroup;
			children = (
				3A7748A424034D030056A3F6 /* Base */,
			);
			name = Interface.storyboard;
			sourceTree = "<group>";
		};
/* End PBXVariantGroup section */

/* Begin XCBuildConfiguration section */
		3A7748BC24034D060056A3F6 /* Debug */ = {
			isa = XCBuildConfiguration;
			buildSettings = {
				ALWAYS_SEARCH_USER_PATHS = NO;
				CLANG_ANALYZER_NONNULL = YES;
				CLANG_ANALYZER_NUMBER_OBJECT_CONVERSION = YES_AGGRESSIVE;
				CLANG_CXX_LANGUAGE_STANDARD = "gnu++14";
				CLANG_CXX_LIBRARY = "libc++";
				CLANG_ENABLE_MODULES = YES;
				CLANG_ENABLE_OBJC_ARC = YES;
				CLANG_ENABLE_OBJC_WEAK = YES;
				CLANG_WARN_BLOCK_CAPTURE_AUTORELEASING = YES;
				CLANG_WARN_BOOL_CONVERSION = YES;
				CLANG_WARN_COMMA = YES;
				CLANG_WARN_CONSTANT_CONVERSION = YES;
				CLANG_WARN_DEPRECATED_OBJC_IMPLEMENTATIONS = YES;
				CLANG_WARN_DIRECT_OBJC_ISA_USAGE = YES_ERROR;
				CLANG_WARN_DOCUMENTATION_COMMENTS = YES;
				CLANG_WARN_EMPTY_BODY = YES;
				CLANG_WARN_ENUM_CONVERSION = YES;
				CLANG_WARN_INFINITE_RECURSION = YES;
				CLANG_WARN_INT_CONVERSION = YES;
				CLANG_WARN_NON_LITERAL_NULL_CONVERSION = YES;
				CLANG_WARN_OBJC_IMPLICIT_RETAIN_SELF = YES;
				CLANG_WARN_OBJC_LITERAL_CONVERSION = YES;
				CLANG_WARN_OBJC_ROOT_CLASS = YES_ERROR;
				CLANG_WARN_RANGE_LOOP_ANALYSIS = YES;
				CLANG_WARN_STRICT_PROTOTYPES = YES;
				CLANG_WARN_SUSPICIOUS_MOVE = YES;
				CLANG_WARN_UNGUARDED_AVAILABILITY = YES_AGGRESSIVE;
				CLANG_WARN_UNREACHABLE_CODE = YES;
				CLANG_WARN__DUPLICATE_METHOD_MATCH = YES;
				COPY_PHASE_STRIP = NO;
				DEBUG_INFORMATION_FORMAT = dwarf;
				ENABLE_STRICT_OBJC_MSGSEND = YES;
				ENABLE_TESTABILITY = YES;
				GCC_C_LANGUAGE_STANDARD = gnu11;
				GCC_DYNAMIC_NO_PIC = NO;
				GCC_NO_COMMON_BLOCKS = YES;
				GCC_OPTIMIZATION_LEVEL = 0;
				GCC_PREPROCESSOR_DEFINITIONS = (
					"DEBUG=1",
					"$(inherited)",
				);
				GCC_WARN_64_TO_32_BIT_CONVERSION = YES;
				GCC_WARN_ABOUT_RETURN_TYPE = YES_ERROR;
				GCC_WARN_UNDECLARED_SELECTOR = YES;
				GCC_WARN_UNINITIALIZED_AUTOS = YES_AGGRESSIVE;
				GCC_WARN_UNUSED_FUNCTION = YES;
				GCC_WARN_UNUSED_VARIABLE = YES;
				IPHONEOS_DEPLOYMENT_TARGET = 13.2;
				MTL_ENABLE_DEBUG_INFO = INCLUDE_SOURCE;
				MTL_FAST_MATH = YES;
				ONLY_ACTIVE_ARCH = YES;
				SDKROOT = iphoneos;
				SWIFT_ACTIVE_COMPILATION_CONDITIONS = DEBUG;
				SWIFT_OPTIMIZATION_LEVEL = "-Onone";
			};
			name = Debug;
		};
		3A7748BD24034D060056A3F6 /* Release */ = {
			isa = XCBuildConfiguration;
			buildSettings = {
				ALWAYS_SEARCH_USER_PATHS = NO;
				CLANG_ANALYZER_NONNULL = YES;
				CLANG_ANALYZER_NUMBER_OBJECT_CONVERSION = YES_AGGRESSIVE;
				CLANG_CXX_LANGUAGE_STANDARD = "gnu++14";
				CLANG_CXX_LIBRARY = "libc++";
				CLANG_ENABLE_MODULES = YES;
				CLANG_ENABLE_OBJC_ARC = YES;
				CLANG_ENABLE_OBJC_WEAK = YES;
				CLANG_WARN_BLOCK_CAPTURE_AUTORELEASING = YES;
				CLANG_WARN_BOOL_CONVERSION = YES;
				CLANG_WARN_COMMA = YES;
				CLANG_WARN_CONSTANT_CONVERSION = YES;
				CLANG_WARN_DEPRECATED_OBJC_IMPLEMENTATIONS = YES;
				CLANG_WARN_DIRECT_OBJC_ISA_USAGE = YES_ERROR;
				CLANG_WARN_DOCUMENTATION_COMMENTS = YES;
				CLANG_WARN_EMPTY_BODY = YES;
				CLANG_WARN_ENUM_CONVERSION = YES;
				CLANG_WARN_INFINITE_RECURSION = YES;
				CLANG_WARN_INT_CONVERSION = YES;
				CLANG_WARN_NON_LITERAL_NULL_CONVERSION = YES;
				CLANG_WARN_OBJC_IMPLICIT_RETAIN_SELF = YES;
				CLANG_WARN_OBJC_LITERAL_CONVERSION = YES;
				CLANG_WARN_OBJC_ROOT_CLASS = YES_ERROR;
				CLANG_WARN_RANGE_LOOP_ANALYSIS = YES;
				CLANG_WARN_STRICT_PROTOTYPES = YES;
				CLANG_WARN_SUSPICIOUS_MOVE = YES;
				CLANG_WARN_UNGUARDED_AVAILABILITY = YES_AGGRESSIVE;
				CLANG_WARN_UNREACHABLE_CODE = YES;
				CLANG_WARN__DUPLICATE_METHOD_MATCH = YES;
				COPY_PHASE_STRIP = NO;
				DEBUG_INFORMATION_FORMAT = "dwarf-with-dsym";
				ENABLE_NS_ASSERTIONS = NO;
				ENABLE_STRICT_OBJC_MSGSEND = YES;
				GCC_C_LANGUAGE_STANDARD = gnu11;
				GCC_NO_COMMON_BLOCKS = YES;
				GCC_WARN_64_TO_32_BIT_CONVERSION = YES;
				GCC_WARN_ABOUT_RETURN_TYPE = YES_ERROR;
				GCC_WARN_UNDECLARED_SELECTOR = YES;
				GCC_WARN_UNINITIALIZED_AUTOS = YES_AGGRESSIVE;
				GCC_WARN_UNUSED_FUNCTION = YES;
				GCC_WARN_UNUSED_VARIABLE = YES;
				IPHONEOS_DEPLOYMENT_TARGET = 13.2;
				MTL_ENABLE_DEBUG_INFO = NO;
				MTL_FAST_MATH = YES;
				SDKROOT = iphoneos;
				SWIFT_COMPILATION_MODE = wholemodule;
				SWIFT_OPTIMIZATION_LEVEL = "-O";
				VALIDATE_PRODUCT = YES;
			};
			name = Release;
		};
		3A7748BF24034D060056A3F6 /* Debug */ = {
			isa = XCBuildConfiguration;
			baseConfigurationReference = A6271500D19756026A33C3E2 /* Pods-NoRegrets WatchKit Extension.debug.xcconfig */;
			buildSettings = {
				ASSETCATALOG_COMPILER_COMPLICATION_NAME = Complication;
				CODE_SIGN_STYLE = Automatic;
				DEVELOPMENT_TEAM = J8P66L5C27;
				INFOPLIST_FILE = "NoRegrets WatchKit Extension/Info.plist";
				LD_RUNPATH_SEARCH_PATHS = (
					"$(inherited)",
					"@executable_path/Frameworks",
					"@executable_path/../../Frameworks",
				);
				PRODUCT_BUNDLE_IDENTIFIER = JosePatino.NoRegrets.watchkitapp.watchkitextension;
				PRODUCT_NAME = "${TARGET_NAME}";
				SDKROOT = watchos;
				SKIP_INSTALL = YES;
				SWIFT_VERSION = 5.0;
				TARGETED_DEVICE_FAMILY = 4;
				WATCHOS_DEPLOYMENT_TARGET = 6.1;
			};
			name = Debug;
		};
		3A7748C024034D060056A3F6 /* Release */ = {
			isa = XCBuildConfiguration;
			baseConfigurationReference = E2B66775F48C800B54877BD5 /* Pods-NoRegrets WatchKit Extension.release.xcconfig */;
			buildSettings = {
				ASSETCATALOG_COMPILER_COMPLICATION_NAME = Complication;
				CODE_SIGN_STYLE = Automatic;
				DEVELOPMENT_TEAM = J8P66L5C27;
				INFOPLIST_FILE = "NoRegrets WatchKit Extension/Info.plist";
				LD_RUNPATH_SEARCH_PATHS = (
					"$(inherited)",
					"@executable_path/Frameworks",
					"@executable_path/../../Frameworks",
				);
				PRODUCT_BUNDLE_IDENTIFIER = JosePatino.NoRegrets.watchkitapp.watchkitextension;
				PRODUCT_NAME = "${TARGET_NAME}";
				SDKROOT = watchos;
				SKIP_INSTALL = YES;
				SWIFT_VERSION = 5.0;
				TARGETED_DEVICE_FAMILY = 4;
				WATCHOS_DEPLOYMENT_TARGET = 6.1;
			};
			name = Release;
		};
		3A7748C324034D060056A3F6 /* Debug */ = {
			isa = XCBuildConfiguration;
			baseConfigurationReference = 94FC529A1668C3F6C12DCC32 /* Pods-NoRegrets WatchKit App.debug.xcconfig */;
			buildSettings = {
				ALWAYS_EMBED_SWIFT_STANDARD_LIBRARIES = YES;
				ASSETCATALOG_COMPILER_APPICON_NAME = AppIcon;
				CODE_SIGN_STYLE = Automatic;
				DEVELOPMENT_TEAM = J8P66L5C27;
				IBSC_MODULE = NoRegrets_WatchKit_Extension;
				INFOPLIST_FILE = "NoRegrets WatchKit App/Info.plist";
				PRODUCT_BUNDLE_IDENTIFIER = JosePatino.NoRegrets.watchkitapp;
				PRODUCT_NAME = "$(TARGET_NAME)";
				SDKROOT = watchos;
				SKIP_INSTALL = YES;
				SWIFT_VERSION = 5.0;
				TARGETED_DEVICE_FAMILY = 4;
				WATCHOS_DEPLOYMENT_TARGET = 6.1;
			};
			name = Debug;
		};
		3A7748C424034D060056A3F6 /* Release */ = {
			isa = XCBuildConfiguration;
			baseConfigurationReference = 3280B8F42DC7DFCB25C50299 /* Pods-NoRegrets WatchKit App.release.xcconfig */;
			buildSettings = {
				ALWAYS_EMBED_SWIFT_STANDARD_LIBRARIES = YES;
				ASSETCATALOG_COMPILER_APPICON_NAME = AppIcon;
				CODE_SIGN_STYLE = Automatic;
				DEVELOPMENT_TEAM = J8P66L5C27;
				IBSC_MODULE = NoRegrets_WatchKit_Extension;
				INFOPLIST_FILE = "NoRegrets WatchKit App/Info.plist";
				PRODUCT_BUNDLE_IDENTIFIER = JosePatino.NoRegrets.watchkitapp;
				PRODUCT_NAME = "$(TARGET_NAME)";
				SDKROOT = watchos;
				SKIP_INSTALL = YES;
				SWIFT_VERSION = 5.0;
				TARGETED_DEVICE_FAMILY = 4;
				WATCHOS_DEPLOYMENT_TARGET = 6.1;
			};
			name = Release;
		};
		3A7748C724034D060056A3F6 /* Debug */ = {
			isa = XCBuildConfiguration;
			baseConfigurationReference = E3F2378FF5F541C67C40D29B /* Pods-NoRegrets.debug.xcconfig */;
			buildSettings = {
				ASSETCATALOG_COMPILER_APPICON_NAME = AppIcon;
				CODE_SIGN_STYLE = Automatic;
				DEVELOPMENT_TEAM = J8P66L5C27;
				INFOPLIST_FILE = NoRegrets/Info.plist;
				LD_RUNPATH_SEARCH_PATHS = (
					"$(inherited)",
					"@executable_path/Frameworks",
				);
				PRODUCT_BUNDLE_IDENTIFIER = JosePatino.NoRegrets;
				PRODUCT_NAME = "$(TARGET_NAME)";
				SWIFT_VERSION = 5.0;
				TARGETED_DEVICE_FAMILY = "1,2";
			};
			name = Debug;
		};
		3A7748C824034D060056A3F6 /* Release */ = {
			isa = XCBuildConfiguration;
			baseConfigurationReference = 7CC710EBDC64E876D1766431 /* Pods-NoRegrets.release.xcconfig */;
			buildSettings = {
				ASSETCATALOG_COMPILER_APPICON_NAME = AppIcon;
				CODE_SIGN_STYLE = Automatic;
				DEVELOPMENT_TEAM = J8P66L5C27;
				INFOPLIST_FILE = NoRegrets/Info.plist;
				LD_RUNPATH_SEARCH_PATHS = (
					"$(inherited)",
					"@executable_path/Frameworks",
				);
				PRODUCT_BUNDLE_IDENTIFIER = JosePatino.NoRegrets;
				PRODUCT_NAME = "$(TARGET_NAME)";
				SWIFT_VERSION = 5.0;
				TARGETED_DEVICE_FAMILY = "1,2";
			};
			name = Release;
		};
/* End XCBuildConfiguration section */

/* Begin XCConfigurationList section */
		3A77488524034D010056A3F6 /* Build configuration list for PBXProject "NoRegrets" */ = {
			isa = XCConfigurationList;
			buildConfigurations = (
				3A7748BC24034D060056A3F6 /* Debug */,
				3A7748BD24034D060056A3F6 /* Release */,
			);
			defaultConfigurationIsVisible = 0;
			defaultConfigurationName = Release;
		};
		3A7748BE24034D060056A3F6 /* Build configuration list for PBXNativeTarget "NoRegrets WatchKit Extension" */ = {
			isa = XCConfigurationList;
			buildConfigurations = (
				3A7748BF24034D060056A3F6 /* Debug */,
				3A7748C024034D060056A3F6 /* Release */,
			);
			defaultConfigurationIsVisible = 0;
			defaultConfigurationName = Release;
		};
		3A7748C224034D060056A3F6 /* Build configuration list for PBXNativeTarget "NoRegrets WatchKit App" */ = {
			isa = XCConfigurationList;
			buildConfigurations = (
				3A7748C324034D060056A3F6 /* Debug */,
				3A7748C424034D060056A3F6 /* Release */,
			);
			defaultConfigurationIsVisible = 0;
			defaultConfigurationName = Release;
		};
		3A7748C624034D060056A3F6 /* Build configuration list for PBXNativeTarget "NoRegrets" */ = {
			isa = XCConfigurationList;
			buildConfigurations = (
				3A7748C724034D060056A3F6 /* Debug */,
				3A7748C824034D060056A3F6 /* Release */,
			);
			defaultConfigurationIsVisible = 0;
			defaultConfigurationName = Release;
		};
/* End XCConfigurationList section */
	};
	rootObject = 3A77488224034D010056A3F6 /* Project object */;
}
